
Microsoft Visual Studio Solution File, Format Version 12.00
# Visual Studio Version 17
VisualStudioVersion = 17.11.35312.102
MinimumVisualStudioVersion = 10.0.40219.1
Project("{FAE04EC0-301F-11D3-BF4B-00C04F79EFBC}") = "Pratik - IMDB Listesi", "Pratik - IMDB Listesi\Pratik - IMDB Listesi.csproj", "{829512F4-09AF-41B4-BA06-171B99BAE27B}"
EndProject
Global
	GlobalSection(SolutionConfigurationPlatforms) = preSolution
		Debug|Any CPU = Debug|Any CPU
		Release|Any CPU = Release|Any CPU
	EndGlobalSection
	GlobalSection(ProjectConfigurationPlatforms) = postSolution
		{829512F4-09AF-41B4-BA06-171B99BAE27B}.Debug|Any CPU.ActiveCfg = Debug|Any CPU
		{829512F4-09AF-41B4-BA06-171B99BAE27B}.Debug|Any CPU.Build.0 = Debug|Any CPU
		{829512F4-09AF-41B4-BA06-171B99BAE27B}.Release|Any CPU.ActiveCfg = Release|Any CPU
		{829512F4-09AF-41B4-BA06-171B99BAE27B}.Release|Any CPU.Build.0 = Release|Any CPU
	EndGlobalSection
	GlobalSection(SolutionProperties) = preSolution
		HideSolutionNode = FALSE
	EndGlobalSection
	GlobalSection(ExtensibilityGlobals) = postSolution
		SolutionGuid = {D3BD5D12-C150-4A65-BE8C-6A4817E4D2B1}
	EndGlobalSection
EndGlobal
